
Microsoft Visual Studio Solution File, Format Version 12.00
# Visual Studio Version 17
VisualStudioVersion = 17.1.32228.430
MinimumVisualStudioVersion = 10.0.40219.1
Project("{8BC9CEB8-8B4A-11D0-8D11-00A0C91BC942}") = "Midterm", "Midterm.vcxproj", "{F4CBDC38-5C6C-4890-ADB2-4E8A65EC8584}"
EndProject
Global
	GlobalSection(SolutionConfigurationPlatforms) = preSolution
		Debug|x64 = Debug|x64
		Debug|x86 = Debug|x86
		Release|x64 = Release|x64
		Release|x86 = Release|x86
	EndGlobalSection
	GlobalSection(ProjectConfigurationPlatforms) = postSolution
		{F4CBDC38-5C6C-4890-ADB2-4E8A65EC8584}.Debug|x64.ActiveCfg = Debug|x64
		{F4CBDC38-5C6C-4890-ADB2-4E8A65EC8584}.Debug|x64.Build.0 = Debug|x64
		{F4CBDC38-5C6C-4890-ADB2-4E8A65EC8584}.Debug|x86.ActiveCfg = Debug|Win32
		{F4CBDC38-5C6C-4890-ADB2-4E8A65EC8584}.Debug|x86.Build.0 = Debug|Win32
		{F4CBDC38-5C6C-4890-ADB2-4E8A65EC8584}.Release|x64.ActiveCfg = Release|x64
		{F4CBDC38-5C6C-4890-ADB2-4E8A65EC8584}.Release|x64.Build.0 = Release|x64
		{F4CBDC38-5C6C-4890-ADB2-4E8A65EC8584}.Release|x86.ActiveCfg = Release|Win32
		{F4CBDC38-5C6C-4890-ADB2-4E8A65EC8584}.Release|x86.Build.0 = Release|Win32
	EndGlobalSection
	GlobalSection(SolutionProperties) = preSolution
		HideSolutionNode = FALSE
	EndGlobalSection
	GlobalSection(ExtensibilityGlobals) = postSolution
		SolutionGuid = {43DD5C62-EA30-48E4-895A-096645B6DFDF}
	EndGlobalSection
EndGlobal
